{
  "name": "sp-hubsite-service",
  "version": "0.7.2",
  "lockfileVersion": 1,
  "requires": true,
  "dependencies": {
    "@microsoft/sp-core-library": {
      "version": "1.12.1",
      "resolved": "https://registry.npmjs.org/@microsoft/sp-core-library/-/sp-core-library-1.12.1.tgz",
      "integrity": "sha512-LyycIx5ivku9i315mm6LJVTl/zfTaCLHTmJTftCZkLSxVIKhK1D3/4QGa/cdsZRPVYho/ZZBK5HnPYhIjN08/g==",
      "requires": {
        "@microsoft/sp-lodash-subset": "1.12.1",
        "@microsoft/sp-module-interfaces": "1.12.1",
        "@microsoft/sp-odata-types": "1.12.1",
        "tslib": "~1.10.0"
      }
    },
    "@microsoft/sp-diagnostics": {
      "version": "1.12.1",
      "resolved": "https://registry.npmjs.org/@microsoft/sp-diagnostics/-/sp-diagnostics-1.12.1.tgz",
      "integrity": "sha512-cMOE9strjPxFA+hyP/k64sVi9qw/RKDpdCgS+/b8ONSTKKXQRD9b6FoxTOCroBWT92O6DVsqGG3xOhS0i8RyTg==",
      "requires": {
        "@microsoft/sp-core-library": "1.12.1",
        "@microsoft/sp-lodash-subset": "1.12.1"
      }
    },
    "@microsoft/sp-dynamic-data": {
      "version": "1.12.1",
      "resolved": "https://registry.npmjs.org/@microsoft/sp-dynamic-data/-/sp-dynamic-data-1.12.1.tgz",
      "integrity": "sha512-gNH9p2sGu5jRnm3MJ65EyHvj72NTlOYU6hvY+ZlLlGZzMqsQyK54MyLUQSWwYWDvgYjiTBB0mTlXjULgHMCy5A==",
      "requires": {
        "@microsoft/sp-core-library": "1.12.1",
        "@microsoft/sp-diagnostics": "1.12.1",
        "@microsoft/sp-lodash-subset": "1.12.1",
        "@microsoft/sp-module-interfaces": "1.12.1",
        "tslib": "~1.10.0"
      }
    },
    "@microsoft/sp-lodash-subset": {
      "version": "1.12.1",
      "resolved": "https://registry.npmjs.org/@microsoft/sp-lodash-subset/-/sp-lodash-subset-1.12.1.tgz",
      "integrity": "sha512-gLKdYjL3jtb1hegxnU3gvCzu4ygWTg4Gjl5jcH85zphuDEUfGrWVaAVJ6DbzhLQ+l34Tl9eUyW/ZBW2hh6hZMA==",
      "requires": {
        "@types/lodash": "4.14.117",
        "tslib": "~1.10.0"
      }
    },
    "@microsoft/sp-module-interfaces": {
      "version": "1.12.1",
      "resolved": "https://registry.npmjs.org/@microsoft/sp-module-interfaces/-/sp-module-interfaces-1.12.1.tgz",
      "integrity": "sha512-yTiVlig0+VhEE7TypcOn66sP/Tbl0SzBSOSVMugA9kD31U8Cj134yqHzYneSQ1kBRRUmE8aHLYuSEdojv2hZbg==",
      "requires": {
        "@types/z-schema": "3.16.31",
        "z-schema": "~3.18.3"
      }
    },
    "@microsoft/sp-odata-types": {
      "version": "1.12.1",
      "resolved": "https://registry.npmjs.org/@microsoft/sp-odata-types/-/sp-odata-types-1.12.1.tgz",
      "integrity": "sha512-BOQDAEz1Bfs/o9oOBhyBQrKhhnkA7g3uby9So3UEIlpx/0AOfKRmF+6kao9DJyg/KDUfxGbBCLs+Y/IAG2OhJw==",
      "requires": {
        "tslib": "~1.10.0"
      }
    },
    "@microsoft/sp-page-context": {
      "version": "1.12.1",
      "resolved": "https://registry.npmjs.org/@microsoft/sp-page-context/-/sp-page-context-1.12.1.tgz",
      "integrity": "sha512-mb3NxEItPBCmgaORgF6+2HqP14iKhl7cWyXRautB+eU372Ng9dWRtUCjB3ZYz50RD2Fxst/7+yWV9Z8kMkK8eQ==",
      "requires": {
        "@microsoft/sp-core-library": "1.12.1",
        "@microsoft/sp-diagnostics": "1.12.1",
        "@microsoft/sp-dynamic-data": "1.12.1",
        "@microsoft/sp-lodash-subset": "1.12.1",
        "@microsoft/sp-odata-types": "1.12.1",
        "tslib": "~1.10.0"
      }
    },
    "@pnp/common": {
      "version": "2.7.0",
      "resolved": "https://registry.npmjs.org/@pnp/common/-/common-2.7.0.tgz",
      "integrity": "sha512-Dfp1E38OoXLq476EppbvzHnzpxnI/p2lxZ2whtlLz+ps7ypyNp4FXc2OpGSdG7JS+5sGgX5hUSLK5FHnDP52AA==",
      "requires": {
        "tslib": "2.3.0"
      },
      "dependencies": {
        "tslib": {
          "version": "2.3.0",
          "resolved": "https://registry.npmjs.org/tslib/-/tslib-2.3.0.tgz",
          "integrity": "sha512-N82ooyxVNm6h1riLCoyS9e3fuJ3AMG2zIZs2Gd1ATcSFjSA23Q0fzjjZeh0jbJvWVDZ0cJT8yaNNaaXHzueNjg=="
        }
      }
    },
    "@pnp/logging": {
      "version": "2.7.0",
      "resolved": "https://registry.npmjs.org/@pnp/logging/-/logging-2.7.0.tgz",
      "integrity": "sha512-ENb/irNPB21bC9Fwjt4ZEnYoHA+BRD/6z9cO3LDk+T7V2TlqD3s56XV+VSxV13m0ok8e9vqjjRYBPfdpkg4W+Q==",
      "requires": {
        "tslib": "2.3.0"
      },
      "dependencies": {
        "tslib": {
          "version": "2.3.0",
          "resolved": "https://registry.npmjs.org/tslib/-/tslib-2.3.0.tgz",
          "integrity": "sha512-N82ooyxVNm6h1riLCoyS9e3fuJ3AMG2zIZs2Gd1ATcSFjSA23Q0fzjjZeh0jbJvWVDZ0cJT8yaNNaaXHzueNjg=="
        }
      }
    },
    "@pnp/odata": {
      "version": "2.7.0",
      "resolved": "https://registry.npmjs.org/@pnp/odata/-/odata-2.7.0.tgz",
      "integrity": "sha512-QnWOCL5rFkT+MTXAkkisovSsnfAOYJeYiPtTeOMdUbUSS16tmRQH5hyxZcg5ytAlgADCLiYxQ7Z8TPBbdva7yw==",
      "requires": {
        "@pnp/common": "2.7.0",
        "@pnp/logging": "2.7.0",
        "tslib": "2.3.0"
      },
      "dependencies": {
        "tslib": {
          "version": "2.3.0",
          "resolved": "https://registry.npmjs.org/tslib/-/tslib-2.3.0.tgz",
          "integrity": "sha512-N82ooyxVNm6h1riLCoyS9e3fuJ3AMG2zIZs2Gd1ATcSFjSA23Q0fzjjZeh0jbJvWVDZ0cJT8yaNNaaXHzueNjg=="
        }
      }
    },
    "@pnp/sp": {
      "version": "2.7.0",
      "resolved": "https://registry.npmjs.org/@pnp/sp/-/sp-2.7.0.tgz",
      "integrity": "sha512-CKECA0PTuBUKdoY2ebxzMphuuTcjKonSFZJZzs4wC3DM32IrhEQE0r4tWmEnUKtwj0Ujk45ErdhOI8oqblYUvw==",
      "requires": {
        "@pnp/common": "2.7.0",
        "@pnp/logging": "2.7.0",
        "@pnp/odata": "2.7.0",
        "tslib": "2.3.0"
      },
      "dependencies": {
        "tslib": {
          "version": "2.3.0",
          "resolved": "https://registry.npmjs.org/tslib/-/tslib-2.3.0.tgz",
          "integrity": "sha512-N82ooyxVNm6h1riLCoyS9e3fuJ3AMG2zIZs2Gd1ATcSFjSA23Q0fzjjZeh0jbJvWVDZ0cJT8yaNNaaXHzueNjg=="
        }
      }
    },
    "@types/lodash": {
      "version": "4.14.117",
      "resolved": "https://registry.npmjs.org/@types/lodash/-/lodash-4.14.117.tgz",
      "integrity": "sha512-xyf2m6tRbz8qQKcxYZa7PA4SllYcay+eh25DN3jmNYY6gSTL7Htc/bttVdkqj2wfJGbeWlQiX8pIyJpKU+tubw=="
    },
    "@types/z-schema": {
      "version": "3.16.31",
      "resolved": "https://registry.npmjs.org/@types/z-schema/-/z-schema-3.16.31.tgz",
      "integrity": "sha1-LrHQCl5Ow/pYx2r94S4YK2bcXBw="
    },
    "commander": {
      "version": "2.20.3",
      "resolved": "https://registry.npmjs.org/commander/-/commander-2.20.3.tgz",
      "integrity": "sha512-GpVkmM8vF2vQUkj2LvZmD35JxeJOLCwJ9cUkugyk2nuhbv3+mJvpLYYt+0+USMxE+oj+ey/lJEnhZw75x/OMcQ==",
      "optional": true
    },
    "lodash.get": {
      "version": "4.4.2",
      "resolved": "https://registry.npmjs.org/lodash.get/-/lodash.get-4.4.2.tgz",
      "integrity": "sha1-LRd/ZS+jHpObRDjVNBSZ36OCXpk="
    },
    "lodash.isequal": {
      "version": "4.5.0",
      "resolved": "https://registry.npmjs.org/lodash.isequal/-/lodash.isequal-4.5.0.tgz",
      "integrity": "sha1-QVxEePK8wwEgwizhDtMib30+GOA="
    },
    "tslib": {
      "version": "1.10.0",
      "resolved": "https://registry.npmjs.org/tslib/-/tslib-1.10.0.tgz",
      "integrity": "sha512-qOebF53frne81cf0S9B41ByenJ3/IuH8yJKngAX35CmiZySA0khhkovshKK+jGCaMnVomla7gVlIcc3EvKPbTQ=="
    },
    "typescript": {
      "version": "3.3.4000",
      "resolved": "https://registry.npmjs.org/typescript/-/typescript-3.3.4000.tgz",
      "integrity": "sha512-jjOcCZvpkl2+z7JFn0yBOoLQyLoIkNZAs/fYJkUG6VKy6zLPHJGfQJYFHzibB6GJaF/8QrcECtlQ5cpvRHSMEA==",
      "dev": true
    },
    "validator": {
      "version": "8.2.0",
      "resolved": "https://registry.npmjs.org/validator/-/validator-8.2.0.tgz",
      "integrity": "sha512-Yw5wW34fSv5spzTXNkokD6S6/Oq92d8q/t14TqsS3fAiA1RYnxSFSIZ+CY3n6PGGRCq5HhJTSepQvFUS2QUDxA=="
    },
    "z-schema": {
      "version": "3.18.4",
      "resolved": "https://registry.npmjs.org/z-schema/-/z-schema-3.18.4.tgz",
      "integrity": "sha512-DUOKC/IhbkdLKKiV89gw9DUauTV8U/8yJl1sjf6MtDmzevLKOF2duNJ495S3MFVjqZarr+qNGCPbkg4mu4PpLw==",
      "requires": {
        "commander": "^2.7.1",
        "lodash.get": "^4.0.0",
        "lodash.isequal": "^4.0.0",
        "validator": "^8.0.0"
      }
    }
  }
}
