{
  "name": "sp-hubsite-service",
  "version": "0.7.0",
  "lockfileVersion": 1,
  "requires": true,
  "dependencies": {
    "@microsoft/sp-core-library": {
      "version": "1.11.0",
      "resolved": "https://registry.npmjs.org/@microsoft/sp-core-library/-/sp-core-library-1.11.0.tgz",
      "integrity": "sha512-3/wQzbQp6E2R1tYn6eVmzJl8ay/1uxy+rW8JrDVX4GlzE4tLA+Pz90VuzQOJbmHLn7cgPSJFY3MFRdMjtqZVKg==",
      "requires": {
        "@microsoft/sp-lodash-subset": "1.11.0",
        "@microsoft/sp-module-interfaces": "1.11.0",
        "@types/es6-promise": "0.0.33",
        "@types/webpack-env": "1.13.1"
      }
    },
    "@microsoft/sp-diagnostics": {
      "version": "1.11.0",
      "resolved": "https://registry.npmjs.org/@microsoft/sp-diagnostics/-/sp-diagnostics-1.11.0.tgz",
      "integrity": "sha512-Z+PoZY0wSGNpwQUCUqKGQz5AqE++Cgsul1afVNGRTTlYMzf1mot+GGX0ZxWGCU27awe4yf6+aEdzbsp8L7bfmw==",
      "requires": {
        "@microsoft/sp-core-library": "1.11.0",
        "@microsoft/sp-lodash-subset": "1.11.0"
      }
    },
    "@microsoft/sp-dynamic-data": {
      "version": "1.11.0",
      "resolved": "https://registry.npmjs.org/@microsoft/sp-dynamic-data/-/sp-dynamic-data-1.11.0.tgz",
      "integrity": "sha512-PRr1sA6M2f3lqFKlRGu+QMPAE/G91XoEC4LegiTYleK1i7WWrTpeU+yZohak8iQEZQsQ+e5alJZg+Xg3sdQKCQ==",
      "requires": {
        "@microsoft/sp-core-library": "1.11.0",
        "@microsoft/sp-diagnostics": "1.11.0",
        "@microsoft/sp-lodash-subset": "1.11.0",
        "@microsoft/sp-module-interfaces": "1.11.0",
        "@types/es6-promise": "0.0.33",
        "@types/webpack-env": "1.13.1",
        "tslib": "~1.10.0"
      }
    },
    "@microsoft/sp-lodash-subset": {
      "version": "1.11.0",
      "resolved": "https://registry.npmjs.org/@microsoft/sp-lodash-subset/-/sp-lodash-subset-1.11.0.tgz",
      "integrity": "sha512-r2T5HhlEpaX9nWnQkL9CJ6af7t+XQ6gYoSpeqz90VBi0XNN93B2qASjb8lzYPzB23D8Wr8qmTaz53nQj2fA4ow==",
      "requires": {
        "@types/lodash": "4.14.117",
        "@types/webpack-env": "1.13.1",
        "tslib": "~1.10.0"
      }
    },
    "@microsoft/sp-module-interfaces": {
      "version": "1.11.0",
      "resolved": "https://registry.npmjs.org/@microsoft/sp-module-interfaces/-/sp-module-interfaces-1.11.0.tgz",
      "integrity": "sha512-4KCIKM/Q7OLKY/jGWTmkYNtiCibjYh18PAfeXpAfwmnHnABXKsAmC59OP6chFYtHK0RTk55MwpWV34nRSbWZdw==",
      "requires": {
        "@types/node": "8.10.54",
        "@types/z-schema": "3.16.31",
        "z-schema": "~3.18.3"
      }
    },
    "@microsoft/sp-odata-types": {
      "version": "1.11.0",
      "resolved": "https://registry.npmjs.org/@microsoft/sp-odata-types/-/sp-odata-types-1.11.0.tgz",
      "integrity": "sha512-uIA4WsgvTlQ58R9H+svg0Hm2du1zz5w1FJ7VbT3f4TI9HW3zC+wItPgNAbxWddtx0s1jNoDxQFqQooAqTWxVCQ==",
      "requires": {
        "tslib": "~1.10.0"
      }
    },
    "@microsoft/sp-page-context": {
      "version": "1.11.0",
      "resolved": "https://registry.npmjs.org/@microsoft/sp-page-context/-/sp-page-context-1.11.0.tgz",
      "integrity": "sha512-Tn57hYh8OErqIlYSiiggj3S6tjQ1GBKZV2o+dlq+aC1s++BgkCt7ql3jj+gyAC/Hb9cZrK+w12BkPO6P6fH0dQ==",
      "requires": {
        "@microsoft/sp-core-library": "1.11.0",
        "@microsoft/sp-diagnostics": "1.11.0",
        "@microsoft/sp-dynamic-data": "1.11.0",
        "@microsoft/sp-lodash-subset": "1.11.0",
        "@microsoft/sp-odata-types": "1.11.0",
        "@types/es6-promise": "0.0.33",
        "@types/webpack-env": "1.13.1",
        "tslib": "~1.10.0"
      }
    },
    "@pnp/common": {
      "version": "1.3.7",
      "resolved": "https://registry.npmjs.org/@pnp/common/-/common-1.3.7.tgz",
      "integrity": "sha512-0yWxtGX7eTAT5WEVBfxHNXDi25OinGaAh8ZJ0RdEWs6HtiaPmSdu27CtnMPysQjnHUX1ykMDOVV4XP7g+TmOmw==",
      "requires": {
        "adal-angular": "1.0.17",
        "tslib": "1.10.0"
      }
    },
    "@pnp/logging": {
      "version": "1.3.7",
      "resolved": "https://registry.npmjs.org/@pnp/logging/-/logging-1.3.7.tgz",
      "integrity": "sha512-NjJHXili095wTc7g2lThkiU0djVoInplR0Dp6yPnOjlz53wDAgnfyswm0zV/1ZsYb7a8sZhQpf8KT3g0Zgp/+g==",
      "requires": {
        "tslib": "1.10.0"
      }
    },
    "@pnp/odata": {
      "version": "1.3.7",
      "resolved": "https://registry.npmjs.org/@pnp/odata/-/odata-1.3.7.tgz",
      "integrity": "sha512-W+43kOSiGkHlNVN3whe09ZxLDN0LBvzvJDjInmQGPWwYeOjk2/OY1x5/cpoA5g8tBz+HtZxPzR16IWWsNZ+4Bw==",
      "requires": {
        "tslib": "1.10.0"
      }
    },
    "@pnp/sp": {
      "version": "1.3.7",
      "resolved": "https://registry.npmjs.org/@pnp/sp/-/sp-1.3.7.tgz",
      "integrity": "sha512-+O4gk0dRfwuegzD/5yXJJLqUCYlstz0qfDBL65s6unF4ANwukgwL0HVbroUsFXeZEHyC2xwAuVvpMWAgF6qQ4w==",
      "requires": {
        "tslib": "1.10.0"
      }
    },
    "@types/es6-promise": {
      "version": "0.0.33",
      "resolved": "https://registry.npmjs.org/@types/es6-promise/-/es6-promise-0.0.33.tgz",
      "integrity": "sha512-HKJFVLCGrWQ/1unEw8JdaTxu6n3EUxmwTxJ6D0O1x0gD8joCsgoTWxEgevb7fp2XIogNjof3KEd+3bJoGne/nw=="
    },
    "@types/lodash": {
      "version": "4.14.117",
      "resolved": "https://registry.npmjs.org/@types/lodash/-/lodash-4.14.117.tgz",
      "integrity": "sha512-xyf2m6tRbz8qQKcxYZa7PA4SllYcay+eh25DN3jmNYY6gSTL7Htc/bttVdkqj2wfJGbeWlQiX8pIyJpKU+tubw=="
    },
    "@types/node": {
      "version": "8.10.54",
      "resolved": "https://registry.npmjs.org/@types/node/-/node-8.10.54.tgz",
      "integrity": "sha512-kaYyLYf6ICn6/isAyD4K1MyWWd5Q3JgH6bnMN089LUx88+s4W8GvK9Q6JMBVu5vsFFp7pMdSxdKmlBXwH/VFRg=="
    },
    "@types/webpack-env": {
      "version": "1.13.1",
      "resolved": "https://registry.npmjs.org/@types/webpack-env/-/webpack-env-1.13.1.tgz",
      "integrity": "sha512-oHyg0NssP2RCpCvE35hhbSqMJRsc5lSW+GFe+Vc65JL+kHII1VMYM+0KeV/z4utFuUqPoQRmq8KMMp7ba0dj6Q=="
    },
    "@types/z-schema": {
      "version": "3.16.31",
      "resolved": "https://registry.npmjs.org/@types/z-schema/-/z-schema-3.16.31.tgz",
      "integrity": "sha1-LrHQCl5Ow/pYx2r94S4YK2bcXBw="
    },
    "adal-angular": {
      "version": "1.0.17",
      "resolved": "https://registry.npmjs.org/adal-angular/-/adal-angular-1.0.17.tgz",
      "integrity": "sha1-bpNuDkH5HTsqiOf/ypwvb29WLMQ="
    },
    "commander": {
      "version": "2.20.3",
      "resolved": "https://registry.npmjs.org/commander/-/commander-2.20.3.tgz",
      "integrity": "sha512-GpVkmM8vF2vQUkj2LvZmD35JxeJOLCwJ9cUkugyk2nuhbv3+mJvpLYYt+0+USMxE+oj+ey/lJEnhZw75x/OMcQ==",
      "optional": true
    },
    "lodash.get": {
      "version": "4.4.2",
      "resolved": "https://registry.npmjs.org/lodash.get/-/lodash.get-4.4.2.tgz",
      "integrity": "sha1-LRd/ZS+jHpObRDjVNBSZ36OCXpk="
    },
    "lodash.isequal": {
      "version": "4.5.0",
      "resolved": "https://registry.npmjs.org/lodash.isequal/-/lodash.isequal-4.5.0.tgz",
      "integrity": "sha1-QVxEePK8wwEgwizhDtMib30+GOA="
    },
    "tslib": {
      "version": "1.10.0",
      "resolved": "https://registry.npmjs.org/tslib/-/tslib-1.10.0.tgz",
      "integrity": "sha512-qOebF53frne81cf0S9B41ByenJ3/IuH8yJKngAX35CmiZySA0khhkovshKK+jGCaMnVomla7gVlIcc3EvKPbTQ=="
    },
    "typescript": {
      "version": "3.3.4000",
      "resolved": "https://registry.npmjs.org/typescript/-/typescript-3.3.4000.tgz",
      "integrity": "sha512-jjOcCZvpkl2+z7JFn0yBOoLQyLoIkNZAs/fYJkUG6VKy6zLPHJGfQJYFHzibB6GJaF/8QrcECtlQ5cpvRHSMEA==",
      "dev": true
    },
    "validator": {
      "version": "8.2.0",
      "resolved": "https://registry.npmjs.org/validator/-/validator-8.2.0.tgz",
      "integrity": "sha512-Yw5wW34fSv5spzTXNkokD6S6/Oq92d8q/t14TqsS3fAiA1RYnxSFSIZ+CY3n6PGGRCq5HhJTSepQvFUS2QUDxA=="
    },
    "z-schema": {
      "version": "3.18.4",
      "resolved": "https://registry.npmjs.org/z-schema/-/z-schema-3.18.4.tgz",
      "integrity": "sha512-DUOKC/IhbkdLKKiV89gw9DUauTV8U/8yJl1sjf6MtDmzevLKOF2duNJ495S3MFVjqZarr+qNGCPbkg4mu4PpLw==",
      "requires": {
        "commander": "^2.7.1",
        "lodash.get": "^4.0.0",
        "lodash.isequal": "^4.0.0",
        "validator": "^8.0.0"
      }
    }
  }
}
